// !$*UTF8*$!
{
	archiveVersion = 1;
	classes = {
	};
	objectVersion = 46;
	objects = {

/* Begin PBXBuildFile section */
		17208B6C1E51D69900066166 /* duration.png in Resources */ = {isa = PBXBuildFile; fileRef = 17208B641E51D69900066166 /* duration.png */; };
		17208B6D1E51D69900066166 /* maxVolume.png in Resources */ = {isa = PBXBuildFile; fileRef = 17208B651E51D69900066166 /* maxVolume.png */; };
		17208B6E1E51D69900066166 /* miniVolume.png in Resources */ = {isa = PBXBuildFile; fileRef = 17208B661E51D69900066166 /* miniVolume.png */; };
		17208B6F1E51D69900066166 /* music.mp3 in Resources */ = {isa = PBXBuildFile; fileRef = 17208B671E51D69900066166 /* music.mp3 */; };
		17208B701E51D69900066166 /* pause.png in Resources */ = {isa = PBXBuildFile; fileRef = 17208B681E51D69900066166 /* pause.png */; };
		17208B711E51D69900066166 /* play.png in Resources */ = {isa = PBXBuildFile; fileRef = 17208B691E51D69900066166 /* play.png */; };
		17208B721E51D69900066166 /* thumb.png in Resources */ = {isa = PBXBuildFile; fileRef = 17208B6A1E51D69900066166 /* thumb.png */; };
		17208B731E51D69900066166 /* thumbHightLight.png in Resources */ = {isa = PBXBuildFile; fileRef = 17208B6B1E51D69900066166 /* thumbHightLight.png */; };
		174224DF1E51D26F006B5BA1 /* AppDelegate.swift in Sources */ = {isa = PBXBuildFile; fileRef = 174224DE1E51D26F006B5BA1 /* AppDelegate.swift */; };
		174224E11E51D26F006B5BA1 /* ViewController.swift in Sources */ = {isa = PBXBuildFile; fileRef = 174224E01E51D26F006B5BA1 /* ViewController.swift */; };
		174224E41E51D26F006B5BA1 /* Main.storyboard in Resources */ = {isa = PBXBuildFile; fileRef = 174224E21E51D26F006B5BA1 /* Main.storyboard */; };
		174224E61E51D26F006B5BA1 /* Assets.xcassets in Resources */ = {isa = PBXBuildFile; fileRef = 174224E51E51D26F006B5BA1 /* Assets.xcassets */; };
		174224E91E51D26F006B5BA1 /* LaunchScreen.storyboard in Resources */ = {isa = PBXBuildFile; fileRef = 174224E71E51D26F006B5BA1 /* LaunchScreen.storyboard */; };
		174224F41E51D26F006B5BA1 /* PlayMusicTests.swift in Sources */ = {isa = PBXBuildFile; fileRef = 174224F31E51D26F006B5BA1 /* PlayMusicTests.swift */; };
		174224FF1E51D26F006B5BA1 /* PlayMusicUITests.swift in Sources */ = {isa = PBXBuildFile; fileRef = 174224FE1E51D26F006B5BA1 /* PlayMusicUITests.swift */; };
/* End PBXBuildFile section */

/* Begin PBXContainerItemProxy section */
		174224F01E51D26F006B5BA1 /* PBXContainerItemProxy */ = {
			isa = PBXContainerItemProxy;
			containerPortal = 174224D31E51D26F006B5BA1 /* Project object */;
			proxyType = 1;
			remoteGlobalIDString = 174224DA1E51D26F006B5BA1;
			remoteInfo = PlayMusic;
		};
		174224FB1E51D26F006B5BA1 /* PBXContainerItemProxy */ = {
			isa = PBXContainerItemProxy;
			containerPortal = 174224D31E51D26F006B5BA1 /* Project object */;
			proxyType = 1;
			remoteGlobalIDString = 174224DA1E51D26F006B5BA1;
			remoteInfo = PlayMusic;
		};
/* End PBXContainerItemProxy section */

/* Begin PBXFileReference section */
		17208B641E51D69900066166 /* duration.png */ = {isa = PBXFileReference; lastKnownFileType = image.png; path = duration.png; sourceTree = "<group>"; };
		17208B651E51D69900066166 /* maxVolume.png */ = {isa = PBXFileReference; lastKnownFileType = image.png; path = maxVolume.png; sourceTree = "<group>"; };
		17208B661E51D69900066166 /* miniVolume.png */ = {isa = PBXFileReference; lastKnownFileType = image.png; path = miniVolume.png; sourceTree = "<group>"; };
		17208B671E51D69900066166 /* music.mp3 */ = {isa = PBXFileReference; lastKnownFileType = audio.mp3; path = music.mp3; sourceTree = "<group>"; };
		17208B681E51D69900066166 /* pause.png */ = {isa = PBXFileReference; lastKnownFileType = image.png; path = pause.png; sourceTree = "<group>"; };
		17208B691E51D69900066166 /* play.png */ = {isa = PBXFileReference; lastKnownFileType = image.png; path = play.png; sourceTree = "<group>"; };
		17208B6A1E51D69900066166 /* thumb.png */ = {isa = PBXFileReference; lastKnownFileType = image.png; path = thumb.png; sourceTree = "<group>"; };
		17208B6B1E51D69900066166 /* thumbHightLight.png */ = {isa = PBXFileReference; lastKnownFileType = image.png; path = thumbHightLight.png; sourceTree = "<group>"; };
		174224DB1E51D26F006B5BA1 /* PlayMusic.app */ = {isa = PBXFileReference; explicitFileType = wrapper.application; includeInIndex = 0; path = PlayMusic.app; sourceTree = BUILT_PRODUCTS_DIR; };
		174224DE1E51D26F006B5BA1 /* AppDelegate.swift */ = {isa = PBXFileReference; lastKnownFileType = sourcecode.swift; path = AppDelegate.swift; sourceTree = "<group>"; };
		174224E01E51D26F006B5BA1 /* ViewController.swift */ = {isa = PBXFileReference; lastKnownFileType = sourcecode.swift; path = ViewController.swift; sourceTree = "<group>"; };
		174224E31E51D26F006B5BA1 /* Base */ = {isa = PBXFileReference; lastKnownFileType = file.storyboard; name = Base; path = Base.lproj/Main.storyboard; sourceTree = "<group>"; };
		174224E51E51D26F006B5BA1 /* Assets.xcassets */ = {isa = PBXFileReference; lastKnownFileType = folder.assetcatalog; path = Assets.xcassets; sourceTree = "<group>"; };
		174224E81E51D26F006B5BA1 /* Base */ = {isa = PBXFileReference; lastKnownFileType = file.storyboard; name = Base; path = Base.lproj/LaunchScreen.storyboard; sourceTree = "<group>"; };
		174224EA1E51D26F006B5BA1 /* Info.plist */ = {isa = PBXFileReference; lastKnownFileType = text.plist.xml; path = Info.plist; sourceTree = "<group>"; };
		174224EF1E51D26F006B5BA1 /* PlayMusicTests.xctest */ = {isa = PBXFileReference; explicitFileType = wrapper.cfbundle; includeInIndex = 0; path = PlayMusicTests.xctest; sourceTree = BUILT_PRODUCTS_DIR; };
		174224F31E51D26F006B5BA1 /* PlayMusicTests.swift */ = {isa = PBXFileReference; lastKnownFileType = sourcecode.swift; path = PlayMusicTests.swift; sourceTree = "<group>"; };
		174224F51E51D26F006B5BA1 /* Info.plist */ = {isa = PBXFileReference; lastKnownFileType = text.plist.xml; path = Info.plist; sourceTree = "<group>"; };
		174224FA1E51D26F006B5BA1 /* PlayMusicUITests.xctest */ = {isa = PBXFileReference; explicitFileType = wrapper.cfbundle; includeInIndex = 0; path = PlayMusicUITests.xctest; sourceTree = BUILT_PRODUCTS_DIR; };
		174224FE1E51D26F006B5BA1 /* PlayMusicUITests.swift */ = {isa = PBXFileReference; lastKnownFileType = sourcecode.swift; path = PlayMusicUITests.swift; sourceTree = "<group>"; };
		174225001E51D26F006B5BA1 /* Info.plist */ = {isa = PBXFileReference; lastKnownFileType = text.plist.xml; path = Info.plist; sourceTree = "<group>"; };
/* End PBXFileReference section */

/* Begin PBXFrameworksBuildPhase section */
		174224D81E51D26F006B5BA1 /* Frameworks */ = {
			isa = PBXFrameworksBuildPhase;
			buildActionMask = 2147483647;
			files = (
			);
			runOnlyForDeploymentPostprocessing = 0;
		};
		174224EC1E51D26F006B5BA1 /* Frameworks */ = {
			isa = PBXFrameworksBuildPhase;
			buildActionMask = 2147483647;
			files = (
			);
			runOnlyForDeploymentPostprocessing = 0;
		};
		174224F71E51D26F006B5BA1 /* Frameworks */ = {
			isa = PBXFrameworksBuildPhase;
			buildActionMask = 2147483647;
			files = (
			);
			runOnlyForDeploymentPostprocessing = 0;
		};
/* End PBXFrameworksBuildPhase section */

/* Begin PBXGroup section */
		17208B531E51D61B00066166 /* Resources */ = {
			isa = PBXGroup;
			children = (
				17208B641E51D69900066166 /* duration.png */,
				17208B651E51D69900066166 /* maxVolume.png */,
				17208B661E51D69900066166 /* miniVolume.png */,
				17208B671E51D69900066166 /* music.mp3 */,
				17208B681E51D69900066166 /* pause.png */,
				17208B691E51D69900066166 /* play.png */,
				17208B6A1E51D69900066166 /* thumb.png */,
				17208B6B1E51D69900066166 /* thumbHightLight.png */,
			);
			name = Resources;
			sourceTree = "<group>";
		};
		174224D21E51D26F006B5BA1 = {
			isa = PBXGroup;
			children = (
				174224DD1E51D26F006B5BA1 /* PlayMusic */,
				174224F21E51D26F006B5BA1 /* PlayMusicTests */,
				174224FD1E51D26F006B5BA1 /* PlayMusicUITests */,
				174224DC1E51D26F006B5BA1 /* Products */,
			);
			sourceTree = "<group>";
		};
		174224DC1E51D26F006B5BA1 /* Products */ = {
			isa = PBXGroup;
			children = (
				174224DB1E51D26F006B5BA1 /* PlayMusic.app */,
				174224EF1E51D26F006B5BA1 /* PlayMusicTests.xctest */,
				174224FA1E51D26F006B5BA1 /* PlayMusicUITests.xctest */,
			);
			name = Products;
			sourceTree = "<group>";
		};
		174224DD1E51D26F006B5BA1 /* PlayMusic */ = {
			isa = PBXGroup;
			children = (
				17208B531E51D61B00066166 /* Resources */,
				174224DE1E51D26F006B5BA1 /* AppDelegate.swift */,
				174224E01E51D26F006B5BA1 /* ViewController.swift */,
				174224E21E51D26F006B5BA1 /* Main.storyboard */,
				174224E51E51D26F006B5BA1 /* Assets.xcassets */,
				174224E71E51D26F006B5BA1 /* LaunchScreen.storyboard */,
				174224EA1E51D26F006B5BA1 /* Info.plist */,
			);
			path = PlayMusic;
			sourceTree = "<group>";
		};
		174224F21E51D26F006B5BA1 /* PlayMusicTests */ = {
			isa = PBXGroup;
			children = (
				174224F31E51D26F006B5BA1 /* PlayMusicTests.swift */,
				174224F51E51D26F006B5BA1 /* Info.plist */,
			);
			path = PlayMusicTests;
			sourceTree = "<group>";
		};
		174224FD1E51D26F006B5BA1 /* PlayMusicUITests */ = {
			isa = PBXGroup;
			children = (
				174224FE1E51D26F006B5BA1 /* PlayMusicUITests.swift */,
				174225001E51D26F006B5BA1 /* Info.plist */,
			);
			path = PlayMusicUITests;
			sourceTree = "<group>";
		};
/* End PBXGroup section */

/* Begin PBXNativeTarget section */
		174224DA1E51D26F006B5BA1 /* PlayMusic */ = {
			isa = PBXNativeTarget;
			buildConfigurationList = 174225031E51D26F006B5BA1 /* Build configuration list for PBXNativeTarget "PlayMusic" */;
			buildPhases = (
				174224D71E51D26F006B5BA1 /* Sources */,
				174224D81E51D26F006B5BA1 /* Frameworks */,
				174224D91E51D26F006B5BA1 /* Resources */,
			);
			buildRules = (
			);
			dependencies = (
			);
			name = PlayMusic;
			productName = PlayMusic;
			productReference = 174224DB1E51D26F006B5BA1 /* PlayMusic.app */;
			productType = "com.apple.product-type.application";
		};
		174224EE1E51D26F006B5BA1 /* PlayMusicTests */ = {
			isa = PBXNativeTarget;
			buildConfigurationList = 174225061E51D26F006B5BA1 /* Build configuration list for PBXNativeTarget "PlayMusicTests" */;
			buildPhases = (
				174224EB1E51D26F006B5BA1 /* Sources */,
				174224EC1E51D26F006B5BA1 /* Frameworks */,
				174224ED1E51D26F006B5BA1 /* Resources */,
			);
			buildRules = (
			);
			dependencies = (
				174224F11E51D26F006B5BA1 /* PBXTargetDependency */,
			);
			name = PlayMusicTests;
			productName = PlayMusicTests;
			productReference = 174224EF1E51D26F006B5BA1 /* PlayMusicTests.xctest */;
			productType = "com.apple.product-type.bundle.unit-test";
		};
		174224F91E51D26F006B5BA1 /* PlayMusicUITests */ = {
			isa = PBXNativeTarget;
			buildConfigurationList = 174225091E51D26F006B5BA1 /* Build configuration list for PBXNativeTarget "PlayMusicUITests" */;
			buildPhases = (
				174224F61E51D26F006B5BA1 /* Sources */,
				174224F71E51D26F006B5BA1 /* Frameworks */,
				174224F81E51D26F006B5BA1 /* Resources */,
			);
			buildRules = (
			);
			dependencies = (
				174224FC1E51D26F006B5BA1 /* PBXTargetDependency */,
			);
			name = PlayMusicUITests;
			productName = PlayMusicUITests;
			productReference = 174224FA1E51D26F006B5BA1 /* PlayMusicUITests.xctest */;
			productType = "com.apple.product-type.bundle.ui-testing";
		};
/* End PBXNativeTarget section */

/* Begin PBXProject section */
		174224D31E51D26F006B5BA1 /* Project object */ = {
			isa = PBXProject;
			attributes = {
				LastSwiftUpdateCheck = 0820;
				LastUpgradeCheck = 0820;
				ORGANIZATIONNAME = "Nguyễn Văn Tuấn";
				TargetAttributes = {
					174224DA1E51D26F006B5BA1 = {
						CreatedOnToolsVersion = 8.2.1;
						ProvisioningStyle = Automatic;
					};
					174224EE1E51D26F006B5BA1 = {
						CreatedOnToolsVersion = 8.2.1;
						ProvisioningStyle = Automatic;
						TestTargetID = 174224DA1E51D26F006B5BA1;
					};
					174224F91E51D26F006B5BA1 = {
						CreatedOnToolsVersion = 8.2.1;
						ProvisioningStyle = Automatic;
						TestTargetID = 174224DA1E51D26F006B5BA1;
					};
				};
			};
			buildConfigurationList = 174224D61E51D26F006B5BA1 /* Build configuration list for PBXProject "PlayMusic" */;
			compatibilityVersion = "Xcode 3.2";
			developmentRegion = English;
			hasScannedForEncodings = 0;
			knownRegions = (
				en,
				Base,
			);
			mainGroup = 174224D21E51D26F006B5BA1;
			productRefGroup = 174224DC1E51D26F006B5BA1 /* Products */;
			projectDirPath = "";
			projectRoot = "";
			targets = (
				174224DA1E51D26F006B5BA1 /* PlayMusic */,
				174224EE1E51D26F006B5BA1 /* PlayMusicTests */,
				174224F91E51D26F006B5BA1 /* PlayMusicUITests */,
			);
		};
/* End PBXProject section */

/* Begin PBXResourcesBuildPhase section */
		174224D91E51D26F006B5BA1 /* Resources */ = {
			isa = PBXResourcesBuildPhase;
			buildActionMask = 2147483647;
			files = (
				17208B721E51D69900066166 /* thumb.png in Resources */,
				174224E91E51D26F006B5BA1 /* LaunchScreen.storyboard in Resources */,
				17208B6C1E51D69900066166 /* duration.png in Resources */,
				17208B711E51D69900066166 /* play.png in Resources */,
				17208B701E51D69900066166 /* pause.png in Resources */,
				17208B6E1E51D69900066166 /* miniVolume.png in Resources */,
				17208B731E51D69900066166 /* thumbHightLight.png in Resources */,
				17208B6D1E51D69900066166 /* maxVolume.png in Resources */,
				174224E61E51D26F006B5BA1 /* Assets.xcassets in Resources */,
				17208B6F1E51D69900066166 /* music.mp3 in Resources */,
				174224E41E51D26F006B5BA1 /* Main.storyboard in Resources */,
			);
			runOnlyForDeploymentPostprocessing = 0;
		};
		174224ED1E51D26F006B5BA1 /* Resources */ = {
			isa = PBXResourcesBuildPhase;
			buildActionMask = 2147483647;
			files = (
			);
			runOnlyForDeploymentPostprocessing = 0;
		};
		174224F81E51D26F006B5BA1 /* Resources */ = {
			isa = PBXResourcesBuildPhase;
			buildActionMask = 2147483647;
			files = (
			);
			runOnlyForDeploymentPostprocessing = 0;
		};
/* End PBXResourcesBuildPhase section */

/* Begin PBXSourcesBuildPhase section */
		174224D71E51D26F006B5BA1 /* Sources */ = {
			isa = PBXSourcesBuildPhase;
			buildActionMask = 2147483647;
			files = (
				174224E11E51D26F006B5BA1 /* ViewController.swift in Sources */,
				174224DF1E51D26F006B5BA1 /* AppDelegate.swift in Sources */,
			);
			runOnlyForDeploymentPostprocessing = 0;
		};
		174224EB1E51D26F006B5BA1 /* Sources */ = {
			isa = PBXSourcesBuildPhase;
			buildActionMask = 2147483647;
			files = (
				174224F41E51D26F006B5BA1 /* PlayMusicTests.swift in Sources */,
			);
			runOnlyForDeploymentPostprocessing = 0;
		};
		174224F61E51D26F006B5BA1 /* Sources */ = {
			isa = PBXSourcesBuildPhase;
			buildActionMask = 2147483647;
			files = (
				174224FF1E51D26F006B5BA1 /* PlayMusicUITests.swift in Sources */,
			);
			runOnlyForDeploymentPostprocessing = 0;
		};
/* End PBXSourcesBuildPhase section */

/* Begin PBXTargetDependency section */
		174224F11E51D26F006B5BA1 /* PBXTargetDependency */ = {
			isa = PBXTargetDependency;
			target = 174224DA1E51D26F006B5BA1 /* PlayMusic */;
			targetProxy = 174224F01E51D26F006B5BA1 /* PBXContainerItemProxy */;
		};
		174224FC1E51D26F006B5BA1 /* PBXTargetDependency */ = {
			isa = PBXTargetDependency;
			target = 174224DA1E51D26F006B5BA1 /* PlayMusic */;
			targetProxy = 174224FB1E51D26F006B5BA1 /* PBXContainerItemProxy */;
		};
/* End PBXTargetDependency section */

/* Begin PBXVariantGroup section */
		174224E21E51D26F006B5BA1 /* Main.storyboard */ = {
			isa = PBXVariantGroup;
			children = (
				174224E31E51D26F006B5BA1 /* Base */,
			);
			name = Main.storyboard;
			sourceTree = "<group>";
		};
		174224E71E51D26F006B5BA1 /* LaunchScreen.storyboard */ = {
			isa = PBXVariantGroup;
			children = (
				174224E81E51D26F006B5BA1 /* Base */,
			);
			name = LaunchScreen.storyboard;
			sourceTree = "<group>";
		};
/* End PBXVariantGroup section */

/* Begin XCBuildConfiguration section */
		174225011E51D26F006B5BA1 /* Debug */ = {
			isa = XCBuildConfiguration;
			buildSettings = {
				ALWAYS_SEARCH_USER_PATHS = NO;
				CLANG_ANALYZER_NONNULL = YES;
				CLANG_CXX_LANGUAGE_STANDARD = "gnu++0x";
				CLANG_CXX_LIBRARY = "libc++";
				CLANG_ENABLE_MODULES = YES;
				CLANG_ENABLE_OBJC_ARC = YES;
				CLANG_WARN_BOOL_CONVERSION = YES;
				CLANG_WARN_CONSTANT_CONVERSION = YES;
				CLANG_WARN_DIRECT_OBJC_ISA_USAGE = YES_ERROR;
				CLANG_WARN_DOCUMENTATION_COMMENTS = YES;
				CLANG_WARN_EMPTY_BODY = YES;
				CLANG_WARN_ENUM_CONVERSION = YES;
				CLANG_WARN_INFINITE_RECURSION = YES;
				CLANG_WARN_INT_CONVERSION = YES;
				CLANG_WARN_OBJC_ROOT_CLASS = YES_ERROR;
				CLANG_WARN_SUSPICIOUS_MOVE = YES;
				CLANG_WARN_UNREACHABLE_CODE = YES;
				CLANG_WARN__DUPLICATE_METHOD_MATCH = YES;
				"CODE_SIGN_IDENTITY[sdk=iphoneos*]" = "iPhone Developer";
				COPY_PHASE_STRIP = NO;
				DEBUG_INFORMATION_FORMAT = dwarf;
				ENABLE_STRICT_OBJC_MSGSEND = YES;
				ENABLE_TESTABILITY = YES;
				GCC_C_LANGUAGE_STANDARD = gnu99;
				GCC_DYNAMIC_NO_PIC = NO;
				GCC_NO_COMMON_BLOCKS = YES;
				GCC_OPTIMIZATION_LEVEL = 0;
				GCC_PREPROCESSOR_DEFINITIONS = (
					"DEBUG=1",
					"$(inherited)",
				);
				GCC_WARN_64_TO_32_BIT_CONVERSION = YES;
				GCC_WARN_ABOUT_RETURN_TYPE = YES_ERROR;
				GCC_WARN_UNDECLARED_SELECTOR = YES;
				GCC_WARN_UNINITIALIZED_AUTOS = YES_AGGRESSIVE;
				GCC_WARN_UNUSED_FUNCTION = YES;
				GCC_WARN_UNUSED_VARIABLE = YES;
				IPHONEOS_DEPLOYMENT_TARGET = 10.2;
				MTL_ENABLE_DEBUG_INFO = YES;
				ONLY_ACTIVE_ARCH = YES;
				SDKROOT = iphoneos;
				SWIFT_ACTIVE_COMPILATION_CONDITIONS = DEBUG;
				SWIFT_OPTIMIZATION_LEVEL = "-Onone";
				TARGETED_DEVICE_FAMILY = "1,2";
			};
			name = Debug;
		};
		174225021E51D26F006B5BA1 /* Release */ = {
			isa = XCBuildConfiguration;
			buildSettings = {
				ALWAYS_SEARCH_USER_PATHS = NO;
				CLANG_ANALYZER_NONNULL = YES;
				CLANG_CXX_LANGUAGE_STANDARD = "gnu++0x";
				CLANG_CXX_LIBRARY = "libc++";
				CLANG_ENABLE_MODULES = YES;
				CLANG_ENABLE_OBJC_ARC = YES;
				CLANG_WARN_BOOL_CONVERSION = YES;
				CLANG_WARN_CONSTANT_CONVERSION = YES;
				CLANG_WARN_DIRECT_OBJC_ISA_USAGE = YES_ERROR;
				CLANG_WARN_DOCUMENTATION_COMMENTS = YES;
				CLANG_WARN_EMPTY_BODY = YES;
				CLANG_WARN_ENUM_CONVERSION = YES;
				CLANG_WARN_INFINITE_RECURSION = YES;
				CLANG_WARN_INT_CONVERSION = YES;
				CLANG_WARN_OBJC_ROOT_CLASS = YES_ERROR;
				CLANG_WARN_SUSPICIOUS_MOVE = YES;
				CLANG_WARN_UNREACHABLE_CODE = YES;
				CLANG_WARN__DUPLICATE_METHOD_MATCH = YES;
				"CODE_SIGN_IDENTITY[sdk=iphoneos*]" = "iPhone Developer";
				COPY_PHASE_STRIP = NO;
				DEBUG_INFORMATION_FORMAT = "dwarf-with-dsym";
				ENABLE_NS_ASSERTIONS = NO;
				ENABLE_STRICT_OBJC_MSGSEND = YES;
				GCC_C_LANGUAGE_STANDARD = gnu99;
				GCC_NO_COMMON_BLOCKS = YES;
				GCC_WARN_64_TO_32_BIT_CONVERSION = YES;
				GCC_WARN_ABOUT_RETURN_TYPE = YES_ERROR;
				GCC_WARN_UNDECLARED_SELECTOR = YES;
				GCC_WARN_UNINITIALIZED_AUTOS = YES_AGGRESSIVE;
				GCC_WARN_UNUSED_FUNCTION = YES;
				GCC_WARN_UNUSED_VARIABLE = YES;
				IPHONEOS_DEPLOYMENT_TARGET = 10.2;
				MTL_ENABLE_DEBUG_INFO = NO;
				SDKROOT = iphoneos;
				SWIFT_OPTIMIZATION_LEVEL = "-Owholemodule";
				TARGETED_DEVICE_FAMILY = "1,2";
				VALIDATE_PRODUCT = YES;
			};
			name = Release;
		};
		174225041E51D26F006B5BA1 /* Debug */ = {
			isa = XCBuildConfiguration;
			buildSettings = {
				ASSETCATALOG_COMPILER_APPICON_NAME = AppIcon;
				INFOPLIST_FILE = PlayMusic/Info.plist;
				LD_RUNPATH_SEARCH_PATHS = "$(inherited) @executable_path/Frameworks";
				PRODUCT_BUNDLE_IDENTIFIER = NguyenVanTuan.com.PlayMusic;
				PRODUCT_NAME = "$(TARGET_NAME)";
				SWIFT_VERSION = 3.0;
			};
			name = Debug;
		};
		174225051E51D26F006B5BA1 /* Release */ = {
			isa = XCBuildConfiguration;
			buildSettings = {
				ASSETCATALOG_COMPILER_APPICON_NAME = AppIcon;
				INFOPLIST_FILE = PlayMusic/Info.plist;
				LD_RUNPATH_SEARCH_PATHS = "$(inherited) @executable_path/Frameworks";
				PRODUCT_BUNDLE_IDENTIFIER = NguyenVanTuan.com.PlayMusic;
				PRODUCT_NAME = "$(TARGET_NAME)";
				SWIFT_VERSION = 3.0;
			};
			name = Release;
		};
		174225071E51D26F006B5BA1 /* Debug */ = {
			isa = XCBuildConfiguration;
			buildSettings = {
				ALWAYS_EMBED_SWIFT_STANDARD_LIBRARIES = YES;
				BUNDLE_LOADER = "$(TEST_HOST)";
				INFOPLIST_FILE = PlayMusicTests/Info.plist;
				LD_RUNPATH_SEARCH_PATHS = "$(inherited) @executable_path/Frameworks @loader_path/Frameworks";
				PRODUCT_BUNDLE_IDENTIFIER = NguyenVanTuan.com.PlayMusicTests;
				PRODUCT_NAME = "$(TARGET_NAME)";
				SWIFT_VERSION = 3.0;
				TEST_HOST = "$(BUILT_PRODUCTS_DIR)/PlayMusic.app/PlayMusic";
			};
			name = Debug;
		};
		174225081E51D26F006B5BA1 /* Release */ = {
			isa = XCBuildConfiguration;
			buildSettings = {
				ALWAYS_EMBED_SWIFT_STANDARD_LIBRARIES = YES;
				BUNDLE_LOADER = "$(TEST_HOST)";
				INFOPLIST_FILE = PlayMusicTests/Info.plist;
				LD_RUNPATH_SEARCH_PATHS = "$(inherited) @executable_path/Frameworks @loader_path/Frameworks";
				PRODUCT_BUNDLE_IDENTIFIER = NguyenVanTuan.com.PlayMusicTests;
				PRODUCT_NAME = "$(TARGET_NAME)";
				SWIFT_VERSION = 3.0;
				TEST_HOST = "$(BUILT_PRODUCTS_DIR)/PlayMusic.app/PlayMusic";
			};
			name = Release;
		};
		1742250A1E51D26F006B5BA1 /* Debug */ = {
			isa = XCBuildConfiguration;
			buildSettings = {
				ALWAYS_EMBED_SWIFT_STANDARD_LIBRARIES = YES;
				INFOPLIST_FILE = PlayMusicUITests/Info.plist;
				LD_RUNPATH_SEARCH_PATHS = "$(inherited) @executable_path/Frameworks @loader_path/Frameworks";
				PRODUCT_BUNDLE_IDENTIFIER = NguyenVanTuan.com.PlayMusicUITests;
				PRODUCT_NAME = "$(TARGET_NAME)";
				SWIFT_VERSION = 3.0;
				TEST_TARGET_NAME = PlayMusic;
			};
			name = Debug;
		};
		1742250B1E51D26F006B5BA1 /* Release */ = {
			isa = XCBuildConfiguration;
			buildSettings = {
				ALWAYS_EMBED_SWIFT_STANDARD_LIBRARIES = YES;
				INFOPLIST_FILE = PlayMusicUITests/Info.plist;
				LD_RUNPATH_SEARCH_PATHS = "$(inherited) @executable_path/Frameworks @loader_path/Frameworks";
				PRODUCT_BUNDLE_IDENTIFIER = NguyenVanTuan.com.PlayMusicUITests;
				PRODUCT_NAME = "$(TARGET_NAME)";
				SWIFT_VERSION = 3.0;
				TEST_TARGET_NAME = PlayMusic;
			};
			name = Release;
		};
/* End XCBuildConfiguration section */

/* Begin XCConfigurationList section */
		174224D61E51D26F006B5BA1 /* Build configuration list for PBXProject "PlayMusic" */ = {
			isa = XCConfigurationList;
			buildConfigurations = (
				174225011E51D26F006B5BA1 /* Debug */,
				174225021E51D26F006B5BA1 /* Release */,
			);
			defaultConfigurationIsVisible = 0;
			defaultConfigurationName = Release;
		};
		174225031E51D26F006B5BA1 /* Build configuration list for PBXNativeTarget "PlayMusic" */ = {
			isa = XCConfigurationList;
			buildConfigurations = (
				174225041E51D26F006B5BA1 /* Debug */,
				174225051E51D26F006B5BA1 /* Release */,
			);
			defaultConfigurationIsVisible = 0;
			defaultConfigurationName = Release;
		};
		174225061E51D26F006B5BA1 /* Build configuration list for PBXNativeTarget "PlayMusicTests" */ = {
			isa = XCConfigurationList;
			buildConfigurations = (
				174225071E51D26F006B5BA1 /* Debug */,
				174225081E51D26F006B5BA1 /* Release */,
			);
			defaultConfigurationIsVisible = 0;
			defaultConfigurationName = Release;
		};
		174225091E51D26F006B5BA1 /* Build configuration list for PBXNativeTarget "PlayMusicUITests" */ = {
			isa = XCConfigurationList;
			buildConfigurations = (
				1742250A1E51D26F006B5BA1 /* Debug */,
				1742250B1E51D26F006B5BA1 /* Release */,
			);
			defaultConfigurationIsVisible = 0;
			defaultConfigurationName = Release;
		};
/* End XCConfigurationList section */
	};
	rootObject = 174224D31E51D26F006B5BA1 /* Project object */;
}
